
Microsoft Visual Studio Solution File, Format Version 12.00
# Visual Studio Version 17
VisualStudioVersion = 17.12.35707.178 d17.12
MinimumVisualStudioVersion = 10.0.40219.1
Project("{FAE04EC0-301F-11D3-BF4B-00C04F79EFBC}") = "modul10_103022330150", "modul10_103022330150.csproj", "{765C7A6C-C5CE-4C1D-8F5C-C3B588C30596}"
EndProject
Global
	GlobalSection(SolutionConfigurationPlatforms) = preSolution
		Debug|Any CPU = Debug|Any CPU
		Release|Any CPU = Release|Any CPU
	EndGlobalSection
	GlobalSection(ProjectConfigurationPlatforms) = postSolution
		{765C7A6C-C5CE-4C1D-8F5C-C3B588C30596}.Debug|Any CPU.ActiveCfg = Debug|Any CPU
		{765C7A6C-C5CE-4C1D-8F5C-C3B588C30596}.Debug|Any CPU.Build.0 = Debug|Any CPU
		{765C7A6C-C5CE-4C1D-8F5C-C3B588C30596}.Release|Any CPU.ActiveCfg = Release|Any CPU
		{765C7A6C-C5CE-4C1D-8F5C-C3B588C30596}.Release|Any CPU.Build.0 = Release|Any CPU
	EndGlobalSection
	GlobalSection(SolutionProperties) = preSolution
		HideSolutionNode = FALSE
	EndGlobalSection
EndGlobal
